// !$*UTF8*$!
{
	archiveVersion = 1;
	classes = {
	};
	objectVersion = 50;
	objects = {

/* Begin PBXBuildFile section */
		88367C8B264F0B7400E17790 /* BlueLineTableViewController.swift in Sources */ = {isa = PBXBuildFile; fileRef = 88367C8A264F0B7400E17790 /* BlueLineTableViewController.swift */; };
		88367C8D264F0CF600E17790 /* Stations.swift in Sources */ = {isa = PBXBuildFile; fileRef = 88367C8C264F0CF600E17790 /* Stations.swift */; };
		88367C8F264F0EED00E17790 /* DestinationTableViewController.swift in Sources */ = {isa = PBXBuildFile; fileRef = 88367C8E264F0EED00E17790 /* DestinationTableViewController.swift */; };
		88BA075D263C43B300970A4B /* AppDelegate.swift in Sources */ = {isa = PBXBuildFile; fileRef = 88BA075C263C43B300970A4B /* AppDelegate.swift */; };
		88BA075F263C43B300970A4B /* SceneDelegate.swift in Sources */ = {isa = PBXBuildFile; fileRef = 88BA075E263C43B300970A4B /* SceneDelegate.swift */; };
		88BA0761263C43B300970A4B /* ViewController.swift in Sources */ = {isa = PBXBuildFile; fileRef = 88BA0760263C43B300970A4B /* ViewController.swift */; };
		88BA0764263C43B300970A4B /* Main.storyboard in Resources */ = {isa = PBXBuildFile; fileRef = 88BA0762263C43B300970A4B /* Main.storyboard */; };
		88BA0766263C43B300970A4B /* Assets.xcassets in Resources */ = {isa = PBXBuildFile; fileRef = 88BA0765263C43B300970A4B /* Assets.xcassets */; };
		88BA0769263C43B300970A4B /* LaunchScreen.storyboard in Resources */ = {isa = PBXBuildFile; fileRef = 88BA0767263C43B300970A4B /* LaunchScreen.storyboard */; };
		88C4F2BC263C99B200DBC3B3 /* TableViewController.swift in Sources */ = {isa = PBXBuildFile; fileRef = 88C4F2BB263C99B100DBC3B3 /* TableViewController.swift */; };
/* End PBXBuildFile section */

/* Begin PBXFileReference section */
		88367C8A264F0B7400E17790 /* BlueLineTableViewController.swift */ = {isa = PBXFileReference; lastKnownFileType = sourcecode.swift; path = BlueLineTableViewController.swift; sourceTree = "<group>"; };
		88367C8C264F0CF600E17790 /* Stations.swift */ = {isa = PBXFileReference; lastKnownFileType = sourcecode.swift; path = Stations.swift; sourceTree = "<group>"; };
		88367C8E264F0EED00E17790 /* DestinationTableViewController.swift */ = {isa = PBXFileReference; lastKnownFileType = sourcecode.swift; path = DestinationTableViewController.swift; sourceTree = "<group>"; };
		88BA0759263C43B300970A4B /* CTA.app */ = {isa = PBXFileReference; explicitFileType = wrapper.application; includeInIndex = 0; path = CTA.app; sourceTree = BUILT_PRODUCTS_DIR; };
		88BA075C263C43B300970A4B /* AppDelegate.swift */ = {isa = PBXFileReference; lastKnownFileType = sourcecode.swift; path = AppDelegate.swift; sourceTree = "<group>"; };
		88BA075E263C43B300970A4B /* SceneDelegate.swift */ = {isa = PBXFileReference; lastKnownFileType = sourcecode.swift; path = SceneDelegate.swift; sourceTree = "<group>"; };
		88BA0760263C43B300970A4B /* ViewController.swift */ = {isa = PBXFileReference; lastKnownFileType = sourcecode.swift; path = ViewController.swift; sourceTree = "<group>"; };
		88BA0763263C43B300970A4B /* Base */ = {isa = PBXFileReference; lastKnownFileType = file.storyboard; name = Base; path = Base.lproj/Main.storyboard; sourceTree = "<group>"; };
		88BA0765263C43B300970A4B /* Assets.xcassets */ = {isa = PBXFileReference; lastKnownFileType = folder.assetcatalog; path = Assets.xcassets; sourceTree = "<group>"; };
		88BA0768263C43B300970A4B /* Base */ = {isa = PBXFileReference; lastKnownFileType = file.storyboard; name = Base; path = Base.lproj/LaunchScreen.storyboard; sourceTree = "<group>"; };
		88BA076A263C43B300970A4B /* Info.plist */ = {isa = PBXFileReference; lastKnownFileType = text.plist.xml; path = Info.plist; sourceTree = "<group>"; };
		88C4F2BB263C99B100DBC3B3 /* TableViewController.swift */ = {isa = PBXFileReference; lastKnownFileType = sourcecode.swift; path = TableViewController.swift; sourceTree = "<group>"; };
/* End PBXFileReference section */

/* Begin PBXFrameworksBuildPhase section */
		88BA0756263C43B300970A4B /* Frameworks */ = {
			isa = PBXFrameworksBuildPhase;
			buildActionMask = 2147483647;
			files = (
			);
			runOnlyForDeploymentPostprocessing = 0;
		};
/* End PBXFrameworksBuildPhase section */

/* Begin PBXGroup section */
		88BA0750263C43B200970A4B = {
			isa = PBXGroup;
			children = (
				88BA075B263C43B300970A4B /* CTA */,
				88BA075A263C43B300970A4B /* Products */,
			);
			sourceTree = "<group>";
		};
		88BA075A263C43B300970A4B /* Products */ = {
			isa = PBXGroup;
			children = (
				88BA0759263C43B300970A4B /* CTA.app */,
			);
			name = Products;
			sourceTree = "<group>";
		};
		88BA075B263C43B300970A4B /* CTA */ = {
			isa = PBXGroup;
			children = (
				88BA075C263C43B300970A4B /* AppDelegate.swift */,
				88BA075E263C43B300970A4B /* SceneDelegate.swift */,
				88BA0760263C43B300970A4B /* ViewController.swift */,
				88BA0762263C43B300970A4B /* Main.storyboard */,
				88367C8E264F0EED00E17790 /* DestinationTableViewController.swift */,
				88367C8A264F0B7400E17790 /* BlueLineTableViewController.swift */,
				88367C8C264F0CF600E17790 /* Stations.swift */,
				88C4F2BB263C99B100DBC3B3 /* TableViewController.swift */,
				88BA0765263C43B300970A4B /* Assets.xcassets */,
				88BA0767263C43B300970A4B /* LaunchScreen.storyboard */,
				88BA076A263C43B300970A4B /* Info.plist */,
			);
			path = CTA;
			sourceTree = "<group>";
		};
/* End PBXGroup section */

/* Begin PBXNativeTarget section */
		88BA0758263C43B300970A4B /* CTA */ = {
			isa = PBXNativeTarget;
			buildConfigurationList = 88BA076D263C43B300970A4B /* Build configuration list for PBXNativeTarget "CTA" */;
			buildPhases = (
				88BA0755263C43B300970A4B /* Sources */,
				88BA0756263C43B300970A4B /* Frameworks */,
				88BA0757263C43B300970A4B /* Resources */,
			);
			buildRules = (
			);
			dependencies = (
			);
			name = CTA;
			productName = CTA;
			productReference = 88BA0759263C43B300970A4B /* CTA.app */;
			productType = "com.apple.product-type.application";
		};
/* End PBXNativeTarget section */

/* Begin PBXProject section */
		88BA0751263C43B300970A4B /* Project object */ = {
			isa = PBXProject;
			attributes = {
				LastSwiftUpdateCheck = 1250;
				LastUpgradeCheck = 1250;
				TargetAttributes = {
					88BA0758263C43B300970A4B = {
						CreatedOnToolsVersion = 12.5;
					};
				};
			};
			buildConfigurationList = 88BA0754263C43B300970A4B /* Build configuration list for PBXProject "CTA" */;
			compatibilityVersion = "Xcode 9.3";
			developmentRegion = en;
			hasScannedForEncodings = 0;
			knownRegions = (
				en,
				Base,
			);
			mainGroup = 88BA0750263C43B200970A4B;
			productRefGroup = 88BA075A263C43B300970A4B /* Products */;
			projectDirPath = "";
			projectRoot = "";
			targets = (
				88BA0758263C43B300970A4B /* CTA */,
			);
		};
/* End PBXProject section */

/* Begin PBXResourcesBuildPhase section */
		88BA0757263C43B300970A4B /* Resources */ = {
			isa = PBXResourcesBuildPhase;
			buildActionMask = 2147483647;
			files = (
				88BA0769263C43B300970A4B /* LaunchScreen.storyboard in Resources */,
				88BA0766263C43B300970A4B /* Assets.xcassets in Resources */,
				88BA0764263C43B300970A4B /* Main.storyboard in Resources */,
			);
			runOnlyForDeploymentPostprocessing = 0;
		};
/* End PBXResourcesBuildPhase section */

/* Begin PBXSourcesBuildPhase section */
		88BA0755263C43B300970A4B /* Sources */ = {
			isa = PBXSourcesBuildPhase;
			buildActionMask = 2147483647;
			files = (
				88BA0761263C43B300970A4B /* ViewController.swift in Sources */,
				88367C8F264F0EED00E17790 /* DestinationTableViewController.swift in Sources */,
				88BA075D263C43B300970A4B /* AppDelegate.swift in Sources */,
				88BA075F263C43B300970A4B /* SceneDelegate.swift in Sources */,
				88367C8B264F0B7400E17790 /* BlueLineTableViewController.swift in Sources */,
				88C4F2BC263C99B200DBC3B3 /* TableViewController.swift in Sources */,
				88367C8D264F0CF600E17790 /* Stations.swift in Sources */,
			);
			runOnlyForDeploymentPostprocessing = 0;
		};
/* End PBXSourcesBuildPhase section */

/* Begin PBXVariantGroup section */
		88BA0762263C43B300970A4B /* Main.storyboard */ = {
			isa = PBXVariantGroup;
			children = (
				88BA0763263C43B300970A4B /* Base */,
			);
			name = Main.storyboard;
			sourceTree = "<group>";
		};
		88BA0767263C43B300970A4B /* LaunchScreen.storyboard */ = {
			isa = PBXVariantGroup;
			children = (
				88BA0768263C43B300970A4B /* Base */,
			);
			name = LaunchScreen.storyboard;
			sourceTree = "<group>";
		};
/* End PBXVariantGroup section */

/* Begin XCBuildConfiguration section */
		88BA076B263C43B300970A4B /* Debug */ = {
			isa = XCBuildConfiguration;
			buildSettings = {
				ALWAYS_SEARCH_USER_PATHS = NO;
				CLANG_ANALYZER_NONNULL = YES;
				CLANG_ANALYZER_NUMBER_OBJECT_CONVERSION = YES_AGGRESSIVE;
				CLANG_CXX_LANGUAGE_STANDARD = "gnu++14";
				CLANG_CXX_LIBRARY = "libc++";
				CLANG_ENABLE_MODULES = YES;
				CLANG_ENABLE_OBJC_ARC = YES;
				CLANG_ENABLE_OBJC_WEAK = YES;
				CLANG_WARN_BLOCK_CAPTURE_AUTORELEASING = YES;
				CLANG_WARN_BOOL_CONVERSION = YES;
				CLANG_WARN_COMMA = YES;
				CLANG_WARN_CONSTANT_CONVERSION = YES;
				CLANG_WARN_DEPRECATED_OBJC_IMPLEMENTATIONS = YES;
				CLANG_WARN_DIRECT_OBJC_ISA_USAGE = YES_ERROR;
				CLANG_WARN_DOCUMENTATION_COMMENTS = YES;
				CLANG_WARN_EMPTY_BODY = YES;
				CLANG_WARN_ENUM_CONVERSION = YES;
				CLANG_WARN_INFINITE_RECURSION = YES;
				CLANG_WARN_INT_CONVERSION = YES;
				CLANG_WARN_NON_LITERAL_NULL_CONVERSION = YES;
				CLANG_WARN_OBJC_IMPLICIT_RETAIN_SELF = YES;
				CLANG_WARN_OBJC_LITERAL_CONVERSION = YES;
				CLANG_WARN_OBJC_ROOT_CLASS = YES_ERROR;
				CLANG_WARN_QUOTED_INCLUDE_IN_FRAMEWORK_HEADER = YES;
				CLANG_WARN_RANGE_LOOP_ANALYSIS = YES;
				CLANG_WARN_STRICT_PROTOTYPES = YES;
				CLANG_WARN_SUSPICIOUS_MOVE = YES;
				CLANG_WARN_UNGUARDED_AVAILABILITY = YES_AGGRESSIVE;
				CLANG_WARN_UNREACHABLE_CODE = YES;
				CLANG_WARN__DUPLICATE_METHOD_MATCH = YES;
				COPY_PHASE_STRIP = NO;
				DEBUG_INFORMATION_FORMAT = dwarf;
				ENABLE_STRICT_OBJC_MSGSEND = YES;
				ENABLE_TESTABILITY = YES;
				GCC_C_LANGUAGE_STANDARD = gnu11;
				GCC_DYNAMIC_NO_PIC = NO;
				GCC_NO_COMMON_BLOCKS = YES;
				GCC_OPTIMIZATION_LEVEL = 0;
				GCC_PREPROCESSOR_DEFINITIONS = (
					"DEBUG=1",
					"$(inherited)",
				);
				GCC_WARN_64_TO_32_BIT_CONVERSION = YES;
				GCC_WARN_ABOUT_RETURN_TYPE = YES_ERROR;
				GCC_WARN_UNDECLARED_SELECTOR = YES;
				GCC_WARN_UNINITIALIZED_AUTOS = YES_AGGRESSIVE;
				GCC_WARN_UNUSED_FUNCTION = YES;
				GCC_WARN_UNUSED_VARIABLE = YES;
				IPHONEOS_DEPLOYMENT_TARGET = 14.5;
				MTL_ENABLE_DEBUG_INFO = INCLUDE_SOURCE;
				MTL_FAST_MATH = YES;
				ONLY_ACTIVE_ARCH = YES;
				SDKROOT = iphoneos;
				SWIFT_ACTIVE_COMPILATION_CONDITIONS = DEBUG;
				SWIFT_OPTIMIZATION_LEVEL = "-Onone";
			};
			name = Debug;
		};
		88BA076C263C43B300970A4B /* Release */ = {
			isa = XCBuildConfiguration;
			buildSettings = {
				ALWAYS_SEARCH_USER_PATHS = NO;
				CLANG_ANALYZER_NONNULL = YES;
				CLANG_ANALYZER_NUMBER_OBJECT_CONVERSION = YES_AGGRESSIVE;
				CLANG_CXX_LANGUAGE_STANDARD = "gnu++14";
				CLANG_CXX_LIBRARY = "libc++";
				CLANG_ENABLE_MODULES = YES;
				CLANG_ENABLE_OBJC_ARC = YES;
				CLANG_ENABLE_OBJC_WEAK = YES;
				CLANG_WARN_BLOCK_CAPTURE_AUTORELEASING = YES;
				CLANG_WARN_BOOL_CONVERSION = YES;
				CLANG_WARN_COMMA = YES;
				CLANG_WARN_CONSTANT_CONVERSION = YES;
				CLANG_WARN_DEPRECATED_OBJC_IMPLEMENTATIONS = YES;
				CLANG_WARN_DIRECT_OBJC_ISA_USAGE = YES_ERROR;
				CLANG_WARN_DOCUMENTATION_COMMENTS = YES;
				CLANG_WARN_EMPTY_BODY = YES;
				CLANG_WARN_ENUM_CONVERSION = YES;
				CLANG_WARN_INFINITE_RECURSION = YES;
				CLANG_WARN_INT_CONVERSION = YES;
				CLANG_WARN_NON_LITERAL_NULL_CONVERSION = YES;
				CLANG_WARN_OBJC_IMPLICIT_RETAIN_SELF = YES;
				CLANG_WARN_OBJC_LITERAL_CONVERSION = YES;
				CLANG_WARN_OBJC_ROOT_CLASS = YES_ERROR;
				CLANG_WARN_QUOTED_INCLUDE_IN_FRAMEWORK_HEADER = YES;
				CLANG_WARN_RANGE_LOOP_ANALYSIS = YES;
				CLANG_WARN_STRICT_PROTOTYPES = YES;
				CLANG_WARN_SUSPICIOUS_MOVE = YES;
				CLANG_WARN_UNGUARDED_AVAILABILITY = YES_AGGRESSIVE;
				CLANG_WARN_UNREACHABLE_CODE = YES;
				CLANG_WARN__DUPLICATE_METHOD_MATCH = YES;
				COPY_PHASE_STRIP = NO;
				DEBUG_INFORMATION_FORMAT = "dwarf-with-dsym";
				ENABLE_NS_ASSERTIONS = NO;
				ENABLE_STRICT_OBJC_MSGSEND = YES;
				GCC_C_LANGUAGE_STANDARD = gnu11;
				GCC_NO_COMMON_BLOCKS = YES;
				GCC_WARN_64_TO_32_BIT_CONVERSION = YES;
				GCC_WARN_ABOUT_RETURN_TYPE = YES_ERROR;
				GCC_WARN_UNDECLARED_SELECTOR = YES;
				GCC_WARN_UNINITIALIZED_AUTOS = YES_AGGRESSIVE;
				GCC_WARN_UNUSED_FUNCTION = YES;
				GCC_WARN_UNUSED_VARIABLE = YES;
				IPHONEOS_DEPLOYMENT_TARGET = 14.5;
				MTL_ENABLE_DEBUG_INFO = NO;
				MTL_FAST_MATH = YES;
				SDKROOT = iphoneos;
				SWIFT_COMPILATION_MODE = wholemodule;
				SWIFT_OPTIMIZATION_LEVEL = "-O";
				VALIDATE_PRODUCT = YES;
			};
			name = Release;
		};
		88BA076E263C43B300970A4B /* Debug */ = {
			isa = XCBuildConfiguration;
			buildSettings = {
				ASSETCATALOG_COMPILER_APPICON_NAME = AppIcon;
				ASSETCATALOG_COMPILER_GLOBAL_ACCENT_COLOR_NAME = AccentColor;
				CODE_SIGN_STYLE = Automatic;
				DEVELOPMENT_TEAM = 253XR255S3;
				INFOPLIST_FILE = CTA/Info.plist;
				LD_RUNPATH_SEARCH_PATHS = (
					"$(inherited)",
					"@executable_path/Frameworks",
				);
				PRODUCT_BUNDLE_IDENTIFIER = hernandezm.CTA;
				PRODUCT_NAME = "$(TARGET_NAME)";
				SWIFT_VERSION = 5.0;
				TARGETED_DEVICE_FAMILY = "1,2";
			};
			name = Debug;
		};
		88BA076F263C43B300970A4B /* Release */ = {
			isa = XCBuildConfiguration;
			buildSettings = {
				ASSETCATALOG_COMPILER_APPICON_NAME = AppIcon;
				ASSETCATALOG_COMPILER_GLOBAL_ACCENT_COLOR_NAME = AccentColor;
				CODE_SIGN_STYLE = Automatic;
				DEVELOPMENT_TEAM = 253XR255S3;
				INFOPLIST_FILE = CTA/Info.plist;
				LD_RUNPATH_SEARCH_PATHS = (
					"$(inherited)",
					"@executable_path/Frameworks",
				);
				PRODUCT_BUNDLE_IDENTIFIER = hernandezm.CTA;
				PRODUCT_NAME = "$(TARGET_NAME)";
				SWIFT_VERSION = 5.0;
				TARGETED_DEVICE_FAMILY = "1,2";
			};
			name = Release;
		};
/* End XCBuildConfiguration section */

/* Begin XCConfigurationList section */
		88BA0754263C43B300970A4B /* Build configuration list for PBXProject "CTA" */ = {
			isa = XCConfigurationList;
			buildConfigurations = (
				88BA076B263C43B300970A4B /* Debug */,
				88BA076C263C43B300970A4B /* Release */,
			);
			defaultConfigurationIsVisible = 0;
			defaultConfigurationName = Release;
		};
		88BA076D263C43B300970A4B /* Build configuration list for PBXNativeTarget "CTA" */ = {
			isa = XCConfigurationList;
			buildConfigurations = (
				88BA076E263C43B300970A4B /* Debug */,
				88BA076F263C43B300970A4B /* Release */,
			);
			defaultConfigurationIsVisible = 0;
			defaultConfigurationName = Release;
		};
/* End XCConfigurationList section */
	};
	rootObject = 88BA0751263C43B300970A4B /* Project object */;
}
